
Microsoft Visual Studio Solution File, Format Version 12.00
# Visual Studio 14
VisualStudioVersion = 14.0.25420.1
MinimumVisualStudioVersion = 10.0.40219.1
Project("{8BC9CEB8-8B4A-11D0-8D11-00A0C91BC942}") = "HyEngine", "HyEngine\HyEngine.vcxproj", "{74CF900D-0127-414F-B3CB-67CC45589F0B}"
EndProject
Project("{FAE04EC0-301F-11D3-BF4B-00C04F79EFBC}") = "WPF_Tool", "WPF_Tool\WPF_Tool.csproj", "{646E3B41-3782-4A0B-8E7B-2F6B76D177CF}"
EndProject
Project("{8BC9CEB8-8B4A-11D0-8D11-00A0C91BC942}") = "EditEngine", "EditEngine\EditEngine.vcxproj", "{9F3CE740-3B60-459A-B2DD-5A82721C1AC1}"
EndProject
Project("{8BC9CEB8-8B4A-11D0-8D11-00A0C91BC942}") = "Client", "Client\Default\Client.vcxproj", "{60B6CD29-DC93-40BD-B8E9-EBE32B3CE8DD}"
EndProject
Global
	GlobalSection(SolutionConfigurationPlatforms) = preSolution
		Debug|Any CPU = Debug|Any CPU
		Debug|x64 = Debug|x64
		Debug|x86 = Debug|x86
		Release|Any CPU = Release|Any CPU
		Release|x64 = Release|x64
		Release|x86 = Release|x86
	EndGlobalSection
	GlobalSection(ProjectConfigurationPlatforms) = postSolution
		{74CF900D-0127-414F-B3CB-67CC45589F0B}.Debug|Any CPU.ActiveCfg = Debug|Win32
		{74CF900D-0127-414F-B3CB-67CC45589F0B}.Debug|x64.ActiveCfg = Debug|x64
		{74CF900D-0127-414F-B3CB-67CC45589F0B}.Debug|x64.Build.0 = Debug|x64
		{74CF900D-0127-414F-B3CB-67CC45589F0B}.Debug|x86.ActiveCfg = Debug|Win32
		{74CF900D-0127-414F-B3CB-67CC45589F0B}.Debug|x86.Build.0 = Debug|Win32
		{74CF900D-0127-414F-B3CB-67CC45589F0B}.Release|Any CPU.ActiveCfg = Release|Win32
		{74CF900D-0127-414F-B3CB-67CC45589F0B}.Release|x64.ActiveCfg = Release|x64
		{74CF900D-0127-414F-B3CB-67CC45589F0B}.Release|x64.Build.0 = Release|x64
		{74CF900D-0127-414F-B3CB-67CC45589F0B}.Release|x86.ActiveCfg = Release|Win32
		{74CF900D-0127-414F-B3CB-67CC45589F0B}.Release|x86.Build.0 = Release|Win32
		{646E3B41-3782-4A0B-8E7B-2F6B76D177CF}.Debug|Any CPU.ActiveCfg = Debug|Any CPU
		{646E3B41-3782-4A0B-8E7B-2F6B76D177CF}.Debug|Any CPU.Build.0 = Debug|Any CPU
		{646E3B41-3782-4A0B-8E7B-2F6B76D177CF}.Debug|x64.ActiveCfg = Debug|Any CPU
		{646E3B41-3782-4A0B-8E7B-2F6B76D177CF}.Debug|x64.Build.0 = Debug|Any CPU
		{646E3B41-3782-4A0B-8E7B-2F6B76D177CF}.Debug|x86.ActiveCfg = Debug|Any CPU
		{646E3B41-3782-4A0B-8E7B-2F6B76D177CF}.Debug|x86.Build.0 = Debug|Any CPU
		{646E3B41-3782-4A0B-8E7B-2F6B76D177CF}.Release|Any CPU.ActiveCfg = Release|Any CPU
		{646E3B41-3782-4A0B-8E7B-2F6B76D177CF}.Release|Any CPU.Build.0 = Release|Any CPU
		{646E3B41-3782-4A0B-8E7B-2F6B76D177CF}.Release|x64.ActiveCfg = Release|Any CPU
		{646E3B41-3782-4A0B-8E7B-2F6B76D177CF}.Release|x64.Build.0 = Release|Any CPU
		{646E3B41-3782-4A0B-8E7B-2F6B76D177CF}.Release|x86.ActiveCfg = Release|Any CPU
		{646E3B41-3782-4A0B-8E7B-2F6B76D177CF}.Release|x86.Build.0 = Release|Any CPU
		{9F3CE740-3B60-459A-B2DD-5A82721C1AC1}.Debug|Any CPU.ActiveCfg = Debug|Win32
		{9F3CE740-3B60-459A-B2DD-5A82721C1AC1}.Debug|x64.ActiveCfg = Debug|x64
		{9F3CE740-3B60-459A-B2DD-5A82721C1AC1}.Debug|x64.Build.0 = Debug|x64
		{9F3CE740-3B60-459A-B2DD-5A82721C1AC1}.Debug|x86.ActiveCfg = Debug|Win32
		{9F3CE740-3B60-459A-B2DD-5A82721C1AC1}.Debug|x86.Build.0 = Debug|Win32
		{9F3CE740-3B60-459A-B2DD-5A82721C1AC1}.Release|Any CPU.ActiveCfg = Release|Win32
		{9F3CE740-3B60-459A-B2DD-5A82721C1AC1}.Release|x64.ActiveCfg = Release|x64
		{9F3CE740-3B60-459A-B2DD-5A82721C1AC1}.Release|x64.Build.0 = Release|x64
		{9F3CE740-3B60-459A-B2DD-5A82721C1AC1}.Release|x86.ActiveCfg = Release|Win32
		{9F3CE740-3B60-459A-B2DD-5A82721C1AC1}.Release|x86.Build.0 = Release|Win32
		{60B6CD29-DC93-40BD-B8E9-EBE32B3CE8DD}.Debug|Any CPU.ActiveCfg = Debug|Win32
		{60B6CD29-DC93-40BD-B8E9-EBE32B3CE8DD}.Debug|x64.ActiveCfg = Debug|x64
		{60B6CD29-DC93-40BD-B8E9-EBE32B3CE8DD}.Debug|x64.Build.0 = Debug|x64
		{60B6CD29-DC93-40BD-B8E9-EBE32B3CE8DD}.Debug|x86.ActiveCfg = Debug|Win32
		{60B6CD29-DC93-40BD-B8E9-EBE32B3CE8DD}.Debug|x86.Build.0 = Debug|Win32
		{60B6CD29-DC93-40BD-B8E9-EBE32B3CE8DD}.Release|Any CPU.ActiveCfg = Release|Win32
		{60B6CD29-DC93-40BD-B8E9-EBE32B3CE8DD}.Release|x64.ActiveCfg = Release|x64
		{60B6CD29-DC93-40BD-B8E9-EBE32B3CE8DD}.Release|x64.Build.0 = Release|x64
		{60B6CD29-DC93-40BD-B8E9-EBE32B3CE8DD}.Release|x86.ActiveCfg = Release|Win32
		{60B6CD29-DC93-40BD-B8E9-EBE32B3CE8DD}.Release|x86.Build.0 = Release|Win32
	EndGlobalSection
	GlobalSection(SolutionProperties) = preSolution
		HideSolutionNode = FALSE
	EndGlobalSection
EndGlobal
