<?xml version="1.0" encoding="utf-8"?>
<Project ToolsVersion="4.0" xmlns="http://schemas.microsoft.com/developer/msbuild/2003">
  <ItemGroup>
    <ClCompile Include="..\Source\main.cpp">
      <Filter>Entry</Filter>
    </ClCompile>
    <ClCompile Include="..\Source\SampleScene.cpp">
      <Filter>Scenes</Filter>
    </ClCompile>
    <ClCompile Include="..\Source\SampleCamera.cpp">
      <Filter>Camera</Filter>
    </ClCompile>
    <ClCompile Include="..\Source\SampleLoadingScene.cpp">
      <Filter>Scenes</Filter>
    </ClCompile>
    <ClCompile Include="..\Source\Player.cpp">
      <Filter>Scripts\Player</Filter>
    </ClCompile>
    <ClCompile Include="..\Source\PlayerController.cpp">
      <Filter>Scripts\Player</Filter>
    </ClCompile>
    <ClCompile Include="..\Source\PlayerCamera.cpp">
      <Filter>Camera</Filter>
    </ClCompile>
    <ClCompile Include="..\Source\ActionComponent.cpp">
      <Filter>Component</Filter>
    </ClCompile>
    <ClCompile Include="..\Source\PlayerNormalAttack.cpp">
      <Filter>Scripts\Player</Filter>
    </ClCompile>
    <ClCompile Include="..\Source\PlayerAction.cpp">
      <Filter>Scripts\Player</Filter>
    </ClCompile>
    <ClCompile Include="..\Source\Character.cpp">
      <Filter>GameObject</Filter>
    </ClCompile>
    <ClCompile Include="..\Source\SkeletoneIdle.cpp">
      <Filter>FSM\Skeletone</Filter>
    </ClCompile>
    <ClCompile Include="..\Source\SkeletoneAttack.cpp">
      <Filter>FSM\Skeletone</Filter>
    </ClCompile>
    <ClCompile Include="..\Source\SkeletoneDie.cpp">
      <Filter>FSM\Skeletone</Filter>
    </ClCompile>
    <ClCompile Include="..\Source\SkeletoneMove.cpp">
      <Filter>FSM\Skeletone</Filter>
    </ClCompile>
    <ClCompile Include="..\Source\Skeletone.cpp">
      <Filter>GameObject\Enemy</Filter>
    </ClCompile>
    <ClCompile Include="..\Source\SkeletoneHit.cpp">
      <Filter>FSM\Skeletone</Filter>
    </ClCompile>
    <ClCompile Include="..\Source\QuestNPC.cpp">
      <Filter>GameObject\NPC</Filter>
    </ClCompile>
    <ClCompile Include="..\Source\NonePlayer.cpp">
      <Filter>GameObject\NPC</Filter>
    </ClCompile>
    <ClCompile Include="..\Source\Enemy.cpp">
      <Filter>GameObject\Enemy</Filter>
    </ClCompile>
    <ClCompile Include="..\Source\NamedEnemy.cpp">
      <Filter>GameObject\Enemy\Named</Filter>
    </ClCompile>
    <ClCompile Include="..\Source\DummyBoss.cpp">
      <Filter>GameObject\Enemy\Named</Filter>
    </ClCompile>
    <ClCompile Include="..\Source\DummyBossAttack.cpp">
      <Filter>FSM\DummyBoss</Filter>
    </ClCompile>
    <ClCompile Include="..\Source\DummyBossDie.cpp">
      <Filter>FSM\DummyBoss</Filter>
    </ClCompile>
    <ClCompile Include="..\Source\DummyBossHit.cpp">
      <Filter>FSM\DummyBoss</Filter>
    </ClCompile>
    <ClCompile Include="..\Source\DummyBossIdle.cpp">
      <Filter>FSM\DummyBoss</Filter>
    </ClCompile>
    <ClCompile Include="..\Source\DummyBossMove.cpp">
      <Filter>FSM\DummyBoss</Filter>
    </ClCompile>
    <ClCompile Include="..\Source\SkeletoneDied.cpp">
      <Filter>FSM\Skeletone</Filter>
    </ClCompile>
    <ClCompile Include="..\Source\DummyBossDied.cpp">
      <Filter>FSM\DummyBoss</Filter>
    </ClCompile>
    <ClCompile Include="..\Source\EventManager.cpp">
      <Filter>GameEvent</Filter>
    </ClCompile>
    <ClCompile Include="..\Source\Event.cpp">
      <Filter>GameEvent\Events</Filter>
    </ClCompile>
    <ClCompile Include="..\Source\QuestEvent.cpp">
      <Filter>GameEvent\Events</Filter>
    </ClCompile>
    <ClCompile Include="..\Source\DamageFontScatter.cpp">
      <Filter>Font</Filter>
    </ClCompile>
    <ClCompile Include="..\Source\NameFont.cpp">
      <Filter>Font</Filter>
    </ClCompile>
    <ClCompile Include="..\Source\TitleScene.cpp">
      <Filter>Scenes</Filter>
    </ClCompile>
    <ClCompile Include="..\Source\TitleCamera.cpp">
      <Filter>Camera</Filter>
    </ClCompile>
  </ItemGroup>
  <ItemGroup>
    <Filter Include="Entry">
      <UniqueIdentifier>{d292bb48-d6a4-4afb-a0b2-747fa44e85e4}</UniqueIdentifier>
    </Filter>
    <Filter Include="Scenes">
      <UniqueIdentifier>{c69a4677-fb12-4b62-88b6-de99e2ffb097}</UniqueIdentifier>
    </Filter>
    <Filter Include="Camera">
      <UniqueIdentifier>{6c7da6fb-9361-4b73-88fe-14c124e6be13}</UniqueIdentifier>
    </Filter>
    <Filter Include="Component">
      <UniqueIdentifier>{3a20c14d-fdef-4fb0-9d65-bf6652dc1ad7}</UniqueIdentifier>
    </Filter>
    <Filter Include="GameObject">
      <UniqueIdentifier>{5fe1632a-db79-4df2-85ee-da0f67a27dab}</UniqueIdentifier>
    </Filter>
    <Filter Include="Scripts">
      <UniqueIdentifier>{176de74f-e67f-4af6-a82b-435378d6e6d4}</UniqueIdentifier>
    </Filter>
    <Filter Include="Scripts\Player">
      <UniqueIdentifier>{449da871-9386-4d73-a0e4-0a929219caaa}</UniqueIdentifier>
    </Filter>
    <Filter Include="GlobalVars">
      <UniqueIdentifier>{5e2094c6-28f1-4257-a916-c109f37d4949}</UniqueIdentifier>
    </Filter>
    <Filter Include="FSM">
      <UniqueIdentifier>{2aabe641-c9c0-4f0b-85c9-e3c654d0a8d5}</UniqueIdentifier>
    </Filter>
    <Filter Include="GameObject\Enemy">
      <UniqueIdentifier>{fe8dce37-a3ad-4aa7-8b30-fc256e1209c1}</UniqueIdentifier>
    </Filter>
    <Filter Include="FSM\Skeletone">
      <UniqueIdentifier>{c3bd7a07-879f-43ee-933b-b4e6a6f3b536}</UniqueIdentifier>
    </Filter>
    <Filter Include="GameObject\NPC">
      <UniqueIdentifier>{f9a8339b-badd-46bb-b1ec-89b9cdf6bb2d}</UniqueIdentifier>
    </Filter>
    <Filter Include="GameObject\Enemy\Named">
      <UniqueIdentifier>{941049f6-fdaa-4a67-b908-ed75f1235dec}</UniqueIdentifier>
    </Filter>
    <Filter Include="FSM\DummyBoss">
      <UniqueIdentifier>{134cc563-430b-490e-8cb7-00c09940625c}</UniqueIdentifier>
    </Filter>
    <Filter Include="GameEvent">
      <UniqueIdentifier>{c791d595-2081-436f-9306-137320342087}</UniqueIdentifier>
    </Filter>
    <Filter Include="GameEvent\Events">
      <UniqueIdentifier>{7f1aaeb1-a812-440f-9ca0-9bf0a0b3a363}</UniqueIdentifier>
    </Filter>
    <Filter Include="Font">
      <UniqueIdentifier>{5ff35c57-6752-4bc5-ae46-09bb8a8d9969}</UniqueIdentifier>
    </Filter>
  </ItemGroup>
  <ItemGroup>
    <ClInclude Include="..\Include\stdafx.h" />
    <ClInclude Include="..\Include\SampleScene.h">
      <Filter>Scenes</Filter>
    </ClInclude>
    <ClInclude Include="..\Include\SampleCamera.h">
      <Filter>Camera</Filter>
    </ClInclude>
    <ClInclude Include="..\Include\SampleLoadingScene.h">
      <Filter>Scenes</Filter>
    </ClInclude>
    <ClInclude Include="..\Include\Player.h">
      <Filter>Scripts\Player</Filter>
    </ClInclude>
    <ClInclude Include="..\Include\PlayerController.h">
      <Filter>Scripts\Player</Filter>
    </ClInclude>
    <ClInclude Include="..\Include\Enumerators.h">
      <Filter>GlobalVars</Filter>
    </ClInclude>
    <ClInclude Include="resource.h" />
    <ClInclude Include="..\Include\PlayerCamera.h">
      <Filter>Camera</Filter>
    </ClInclude>
    <ClInclude Include="..\Include\ActionComponent.h">
      <Filter>Component</Filter>
    </ClInclude>
    <ClInclude Include="..\Include\PlayerNormalAttack.h">
      <Filter>Scripts\Player</Filter>
    </ClInclude>
    <ClInclude Include="..\Include\PlayerAction.h">
      <Filter>Scripts\Player</Filter>
    </ClInclude>
    <ClInclude Include="..\Include\Character.h">
      <Filter>GameObject</Filter>
    </ClInclude>
    <ClInclude Include="..\Include\SkeletoneIdle.h">
      <Filter>FSM\Skeletone</Filter>
    </ClInclude>
    <ClInclude Include="..\Include\SkeletoneMove.h">
      <Filter>FSM\Skeletone</Filter>
    </ClInclude>
    <ClInclude Include="..\Include\SkeletoneAttack.h">
      <Filter>FSM\Skeletone</Filter>
    </ClInclude>
    <ClInclude Include="..\Include\SkeletoneDie.h">
      <Filter>FSM\Skeletone</Filter>
    </ClInclude>
    <ClInclude Include="..\Include\Skeletone.h">
      <Filter>GameObject\Enemy</Filter>
    </ClInclude>
    <ClInclude Include="..\Include\SkeletoneHit.h">
      <Filter>FSM\Skeletone</Filter>
    </ClInclude>
    <ClInclude Include="..\Include\QuestNPC.h">
      <Filter>GameObject\NPC</Filter>
    </ClInclude>
    <ClInclude Include="..\Include\NonePlayer.h">
      <Filter>GameObject\NPC</Filter>
    </ClInclude>
    <ClInclude Include="..\Include\Enemy.h">
      <Filter>GameObject\Enemy</Filter>
    </ClInclude>
    <ClInclude Include="..\Include\NamedEnemy.h">
      <Filter>GameObject\Enemy\Named</Filter>
    </ClInclude>
    <ClInclude Include="..\Include\DummyBoss.h">
      <Filter>GameObject\Enemy\Named</Filter>
    </ClInclude>
    <ClInclude Include="..\Include\DummyBossAttack.h">
      <Filter>FSM\DummyBoss</Filter>
    </ClInclude>
    <ClInclude Include="..\Include\DummyBossDie.h">
      <Filter>FSM\DummyBoss</Filter>
    </ClInclude>
    <ClInclude Include="..\Include\DummyBossHit.h">
      <Filter>FSM\DummyBoss</Filter>
    </ClInclude>
    <ClInclude Include="..\Include\DummyBossIdle.h">
      <Filter>FSM\DummyBoss</Filter>
    </ClInclude>
    <ClInclude Include="..\Include\DummyBossMove.h">
      <Filter>FSM\DummyBoss</Filter>
    </ClInclude>
    <ClInclude Include="..\Include\SkeletoneDied.h">
      <Filter>FSM\Skeletone</Filter>
    </ClInclude>
    <ClInclude Include="..\Include\DummyBossDied.h">
      <Filter>FSM\DummyBoss</Filter>
    </ClInclude>
    <ClInclude Include="..\Include\EventManager.h">
      <Filter>GameEvent</Filter>
    </ClInclude>
    <ClInclude Include="..\Include\Event.h">
      <Filter>GameEvent\Events</Filter>
    </ClInclude>
    <ClInclude Include="..\Include\QuestEvent.h">
      <Filter>GameEvent\Events</Filter>
    </ClInclude>
    <ClInclude Include="..\Include\DamageFontScatter.h">
      <Filter>Font</Filter>
    </ClInclude>
    <ClInclude Include="..\Include\NameFont.h">
      <Filter>Font</Filter>
    </ClInclude>
    <ClInclude Include="..\Include\TitleScene.h">
      <Filter>Scenes</Filter>
    </ClInclude>
    <ClInclude Include="..\Include\TitleCamera.h">
      <Filter>Camera</Filter>
    </ClInclude>
  </ItemGroup>
  <ItemGroup>
    <ResourceCompile Include="Client.rc" />
  </ItemGroup>
</Project>