<?xml version="1.0" encoding="utf-8"?>
<Project ToolsVersion="4.0" xmlns="http://schemas.microsoft.com/developer/msbuild/2003">
  <ItemGroup>
    <ClCompile Include="..\Source\main.cpp">
      <Filter>Entry</Filter>
    </ClCompile>
    <ClCompile Include="..\Source\SampleCamera.cpp">
      <Filter>Camera</Filter>
    </ClCompile>
    <ClCompile Include="..\Source\SampleLoadingScene.cpp">
      <Filter>Scenes</Filter>
    </ClCompile>
    <ClCompile Include="..\Source\Player.cpp">
      <Filter>Scripts\Player</Filter>
    </ClCompile>
    <ClCompile Include="..\Source\PlayerController.cpp">
      <Filter>Scripts\Player</Filter>
    </ClCompile>
    <ClCompile Include="..\Source\PlayerCamera.cpp">
      <Filter>Camera</Filter>
    </ClCompile>
    <ClCompile Include="..\Source\ActionComponent.cpp">
      <Filter>Component</Filter>
    </ClCompile>
    <ClCompile Include="..\Source\PlayerNormalAttack.cpp">
      <Filter>Scripts\Player</Filter>
    </ClCompile>
    <ClCompile Include="..\Source\PlayerAction.cpp">
      <Filter>Scripts\Player</Filter>
    </ClCompile>
    <ClCompile Include="..\Source\Character.cpp">
      <Filter>GameObject</Filter>
    </ClCompile>
    <ClCompile Include="..\Source\SkeletoneIdle.cpp">
      <Filter>FSM\Skeletone</Filter>
    </ClCompile>
    <ClCompile Include="..\Source\SkeletoneAttack.cpp">
      <Filter>FSM\Skeletone</Filter>
    </ClCompile>
    <ClCompile Include="..\Source\SkeletoneDie.cpp">
      <Filter>FSM\Skeletone</Filter>
    </ClCompile>
    <ClCompile Include="..\Source\SkeletoneMove.cpp">
      <Filter>FSM\Skeletone</Filter>
    </ClCompile>
    <ClCompile Include="..\Source\Skeletone.cpp">
      <Filter>GameObject\Enemy</Filter>
    </ClCompile>
    <ClCompile Include="..\Source\SkeletoneHit.cpp">
      <Filter>FSM\Skeletone</Filter>
    </ClCompile>
    <ClCompile Include="..\Source\QuestNPC.cpp">
      <Filter>GameObject\NPC</Filter>
    </ClCompile>
    <ClCompile Include="..\Source\NonePlayer.cpp">
      <Filter>GameObject\NPC</Filter>
    </ClCompile>
    <ClCompile Include="..\Source\Enemy.cpp">
      <Filter>GameObject\Enemy</Filter>
    </ClCompile>
    <ClCompile Include="..\Source\NamedEnemy.cpp">
      <Filter>GameObject\Enemy\Named</Filter>
    </ClCompile>
    <ClCompile Include="..\Source\DummyBoss.cpp">
      <Filter>GameObject\Enemy\Named</Filter>
    </ClCompile>
    <ClCompile Include="..\Source\DummyBossAttack.cpp">
      <Filter>FSM\DummyBoss</Filter>
    </ClCompile>
    <ClCompile Include="..\Source\DummyBossDie.cpp">
      <Filter>FSM\DummyBoss</Filter>
    </ClCompile>
    <ClCompile Include="..\Source\DummyBossHit.cpp">
      <Filter>FSM\DummyBoss</Filter>
    </ClCompile>
    <ClCompile Include="..\Source\DummyBossIdle.cpp">
      <Filter>FSM\DummyBoss</Filter>
    </ClCompile>
    <ClCompile Include="..\Source\DummyBossMove.cpp">
      <Filter>FSM\DummyBoss</Filter>
    </ClCompile>
    <ClCompile Include="..\Source\SkeletoneDied.cpp">
      <Filter>FSM\Skeletone</Filter>
    </ClCompile>
    <ClCompile Include="..\Source\DummyBossDied.cpp">
      <Filter>FSM\DummyBoss</Filter>
    </ClCompile>
    <ClCompile Include="..\Source\EventManager.cpp">
      <Filter>GameEvent</Filter>
    </ClCompile>
    <ClCompile Include="..\Source\Event.cpp">
      <Filter>GameEvent\Events</Filter>
    </ClCompile>
    <ClCompile Include="..\Source\QuestEvent.cpp">
      <Filter>GameEvent\Events</Filter>
    </ClCompile>
    <ClCompile Include="..\Source\DamageFontScatter.cpp">
      <Filter>Font</Filter>
    </ClCompile>
    <ClCompile Include="..\Source\NameFont.cpp">
      <Filter>Font</Filter>
    </ClCompile>
    <ClCompile Include="..\Source\TitleScene.cpp">
      <Filter>Scenes</Filter>
    </ClCompile>
    <ClCompile Include="..\Source\TitleCamera.cpp">
      <Filter>Camera</Filter>
    </ClCompile>
    <ClCompile Include="..\Source\CombatQuest.cpp">
      <Filter>Scripts\Quest</Filter>
    </ClCompile>
    <ClCompile Include="..\Source\Quest.cpp">
      <Filter>Scripts\Quest</Filter>
    </ClCompile>
    <ClCompile Include="..\Source\TestQuest.cpp">
      <Filter>Scripts\Quest\Hieracon</Filter>
    </ClCompile>
    <ClCompile Include="..\Source\BlessLoadingScene.cpp">
      <Filter>Scenes</Filter>
    </ClCompile>
    <ClCompile Include="..\Source\SampleNPC.cpp">
      <Filter>GameObject\NPC\Hieracon</Filter>
    </ClCompile>
    <ClCompile Include="..\Source\GameManager.cpp">
      <Filter>Scripts</Filter>
    </ClCompile>
    <ClCompile Include="..\Source\IQuestTarget.cpp">
      <Filter>Scripts\Quest</Filter>
    </ClCompile>
    <ClCompile Include="..\Source\QuestDialogUI.cpp">
      <Filter>Scripts\UI\Quest</Filter>
    </ClCompile>
    <ClCompile Include="..\Source\QuestGuideUI.cpp">
      <Filter>Scripts\UI\Quest</Filter>
    </ClCompile>
    <ClCompile Include="..\Source\QuestNoticeUI.cpp">
      <Filter>Scripts\UI\Quest</Filter>
    </ClCompile>
    <ClCompile Include="..\Source\HieraconScene.cpp">
      <Filter>Scenes\GameStage</Filter>
    </ClCompile>
    <ClCompile Include="..\Source\GameScene.cpp">
      <Filter>Scenes\GameStage</Filter>
    </ClCompile>
    <ClCompile Include="..\Source\AncientTowerScene.cpp">
      <Filter>Scenes\GameStage</Filter>
    </ClCompile>
    <ClCompile Include="..\Source\ArbaJungleScene.cpp">
      <Filter>Scenes\GameStage</Filter>
    </ClCompile>
    <ClCompile Include="..\Source\FadeInOut.cpp">
      <Filter>Scripts\UI</Filter>
    </ClCompile>
    <ClCompile Include="..\Source\ZoomInCamera.cpp">
      <Filter>Camera</Filter>
    </ClCompile>
    <ClCompile Include="..\Source\ExpTable.cpp">
      <Filter>ScriptableData</Filter>
    </ClCompile>
    <ClCompile Include="..\Source\PlayerInfo.cpp">
      <Filter>ScriptableData</Filter>
    </ClCompile>
    <ClCompile Include="..\Source\LevelUpNoticeUI.cpp">
      <Filter>Scripts\UI</Filter>
    </ClCompile>
    <ClCompile Include="..\Source\Goblin.cpp">
      <Filter>GameObject\Enemy</Filter>
    </ClCompile>
    <ClCompile Include="..\Source\EnemyHPBar.cpp">
      <Filter>Scripts\UI\Battle</Filter>
    </ClCompile>
    <ClCompile Include="..\Source\TargetingCircle.cpp">
      <Filter>Scripts\UI\Battle</Filter>
    </ClCompile>
    <ClCompile Include="..\Source\TargetingArrow.cpp">
      <Filter>Scripts\UI\Battle</Filter>
    </ClCompile>
    <ClCompile Include="..\Source\BattleManager.cpp">
      <Filter>Scripts</Filter>
    </ClCompile>
    <ClCompile Include="..\Source\UIManager.cpp">
      <Filter>Scripts</Filter>
    </ClCompile>
    <ClCompile Include="..\Source\QuestManager.cpp">
      <Filter>Scripts</Filter>
    </ClCompile>
    <ClCompile Include="..\Source\NPCInteractManager.cpp">
      <Filter>Scripts</Filter>
    </ClCompile>
    <ClCompile Include="..\Source\NormalEnemyHPBar.cpp">
      <Filter>Scripts\UI\Battle</Filter>
    </ClCompile>
    <ClCompile Include="..\Source\GoblinAttack.cpp">
      <Filter>FSM\Goblin</Filter>
    </ClCompile>
    <ClCompile Include="..\Source\GoblinDie.cpp">
      <Filter>FSM\Goblin</Filter>
    </ClCompile>
    <ClCompile Include="..\Source\GoblinDied.cpp">
      <Filter>FSM\Goblin</Filter>
    </ClCompile>
    <ClCompile Include="..\Source\GoblinHit.cpp">
      <Filter>FSM\Goblin</Filter>
    </ClCompile>
    <ClCompile Include="..\Source\GoblinIdle.cpp">
      <Filter>FSM\Goblin</Filter>
    </ClCompile>
    <ClCompile Include="..\Source\GoblinMove.cpp">
      <Filter>FSM\Goblin</Filter>
    </ClCompile>
    <ClCompile Include="..\Source\EnemyScreenHPBar.cpp">
      <Filter>Scripts\UI\Battle</Filter>
    </ClCompile>
    <ClCompile Include="..\Source\TalkableGoblin.cpp">
      <Filter>GameObject\NPC\ArbaJungle</Filter>
    </ClCompile>
    <ClCompile Include="..\Source\Guido.cpp">
      <Filter>GameObject\NPC\ArbaJungle</Filter>
    </ClCompile>
    <ClCompile Include="..\Source\Leoni.cpp">
      <Filter>GameObject\NPC\ArbaJungle</Filter>
    </ClCompile>
    <ClCompile Include="..\Source\Q_AttackToGoblin.cpp">
      <Filter>Scripts\Quest\ArbaJungle</Filter>
    </ClCompile>
    <ClCompile Include="..\Source\Q_CollectRelics.cpp">
      <Filter>Scripts\Quest\ArbaJungle</Filter>
    </ClCompile>
    <ClCompile Include="..\Source\Q_SearchRelics.cpp">
      <Filter>Scripts\Quest\ArbaJungle</Filter>
    </ClCompile>
    <ClCompile Include="..\Source\Q_RetrieveBody.cpp">
      <Filter>Scripts\Quest\ArbaJungle</Filter>
    </ClCompile>
    <ClCompile Include="..\Source\Q_TalkableGoblin.cpp">
      <Filter>Scripts\Quest\ArbaJungle</Filter>
    </ClCompile>
    <ClCompile Include="..\Source\Q_CollectKey.cpp">
      <Filter>Scripts\Quest\ArbaJungle</Filter>
    </ClCompile>
    <ClCompile Include="..\Source\Q_FirstMission.cpp">
      <Filter>Scripts\Quest\ArbaJungle</Filter>
    </ClCompile>
    <ClCompile Include="..\Source\CollectQuest.cpp">
      <Filter>Scripts\Quest</Filter>
    </ClCompile>
    <ClCompile Include="..\Source\CollectObject.cpp">
      <Filter>GameObject\Interactive</Filter>
    </ClCompile>
    <ClCompile Include="..\Source\CollectProgressBar.cpp">
      <Filter>Scripts\UI</Filter>
    </ClCompile>
    <ClCompile Include="..\Source\InteractManager.cpp">
      <Filter>Scripts</Filter>
    </ClCompile>
    <ClCompile Include="..\Source\InventoryData.cpp">
      <Filter>ScriptableData</Filter>
    </ClCompile>
    <ClCompile Include="..\Source\ItemInfo.cpp">
      <Filter>ScriptableData</Filter>
    </ClCompile>
    <ClCompile Include="..\Source\InventoryUI.cpp">
      <Filter>Scripts\UI\Inventory</Filter>
    </ClCompile>
    <ClCompile Include="..\Source\ItemInfoUI.cpp">
      <Filter>Scripts\UI\Inventory</Filter>
    </ClCompile>
    <ClCompile Include="..\Source\EquipmentUI.cpp">
      <Filter>Scripts\UI\Equipment</Filter>
    </ClCompile>
    <ClCompile Include="..\Source\Bran.cpp">
      <Filter>GameObject\NPC\Hieracon</Filter>
    </ClCompile>
    <ClCompile Include="..\Source\Elroy.cpp">
      <Filter>GameObject\NPC\Hieracon</Filter>
    </ClCompile>
    <ClCompile Include="..\Source\Samson.cpp">
      <Filter>GameObject\NPC\Hieracon</Filter>
    </ClCompile>
    <ClCompile Include="..\Source\Hieracon_Cora.cpp">
      <Filter>GameObject\NPC\Hieracon</Filter>
    </ClCompile>
    <ClCompile Include="..\Source\Q_BreadShuttle.cpp">
      <Filter>Scripts\Quest\Hieracon</Filter>
    </ClCompile>
    <ClCompile Include="..\Source\Q_NewSkill.cpp">
      <Filter>Scripts\Quest\Hieracon</Filter>
    </ClCompile>
    <ClCompile Include="..\Source\Q_FirstEquipment.cpp">
      <Filter>Scripts\Quest\Hieracon</Filter>
    </ClCompile>
    <ClCompile Include="..\Source\Q_PrepareForMission.cpp">
      <Filter>Scripts\Quest\Hieracon</Filter>
    </ClCompile>
    <ClCompile Include="..\Source\Elaine.cpp">
      <Filter>GameObject\NPC\Hieracon</Filter>
    </ClCompile>
    <ClCompile Include="..\Source\Liurens.cpp">
      <Filter>GameObject\NPC\Hieracon</Filter>
    </ClCompile>
    <ClCompile Include="..\Source\EquipShopUI.cpp">
      <Filter>Scripts\UI\ShopUI</Filter>
    </ClCompile>
    <ClCompile Include="..\Source\ShopUI.cpp">
      <Filter>Scripts\UI\ShopUI</Filter>
    </ClCompile>
    <ClCompile Include="..\Source\GeneralStoreUI.cpp">
      <Filter>Scripts\UI\ShopUI</Filter>
    </ClCompile>
    <ClCompile Include="..\Source\LiurensShopItemsData.cpp">
      <Filter>ScriptableData</Filter>
    </ClCompile>
    <ClCompile Include="..\Source\ElainShopItemsData.cpp">
      <Filter>ScriptableData</Filter>
    </ClCompile>
    <ClCompile Include="..\Source\ShopItemsTable.cpp">
      <Filter>ScriptableData</Filter>
    </ClCompile>
    <ClCompile Include="..\Source\QuestTable.cpp">
      <Filter>ScriptableData</Filter>
    </ClCompile>
    <ClCompile Include="..\Source\PlayerMoneyData.cpp">
      <Filter>ScriptableData</Filter>
    </ClCompile>
    <ClCompile Include="..\Source\PlayerStatusData.cpp">
      <Filter>ScriptableData</Filter>
    </ClCompile>
    <ClCompile Include="..\Source\PlayerEquipData.cpp">
      <Filter>ScriptableData</Filter>
    </ClCompile>
    <ClCompile Include="..\Source\NoticeManager.cpp">
      <Filter>Scripts</Filter>
    </ClCompile>
    <ClCompile Include="..\Source\NotifyUI.cpp">
      <Filter>Scripts\UI</Filter>
    </ClCompile>
    <ClCompile Include="..\Source\PlayerManager.cpp">
      <Filter>Scripts\Player</Filter>
    </ClCompile>
    <ClCompile Include="..\Source\SummonProgressBar.cpp">
      <Filter>Scripts\UI</Filter>
    </ClCompile>
    <ClCompile Include="..\Source\SkillIconUI.cpp">
      <Filter>Scripts\UI\Battle</Filter>
    </ClCompile>
    <ClCompile Include="..\Source\SwordMeshEffect.cpp">
      <Filter>Scripts\Effect</Filter>
    </ClCompile>
    <ClCompile Include="..\Source\EffectManager.cpp">
      <Filter>Scripts</Filter>
    </ClCompile>
    <ClCompile Include="..\Source\PlayerSkillShield.cpp">
      <Filter>Scripts\Player\Skill</Filter>
    </ClCompile>
    <ClCompile Include="..\Source\PlayerSkillBuff.cpp">
      <Filter>Scripts\Player\Skill</Filter>
    </ClCompile>
    <ClCompile Include="..\Source\PlayerSkillPress.cpp">
      <Filter>Scripts\Player\Skill</Filter>
    </ClCompile>
    <ClCompile Include="..\Source\PlayerSkillSwing.cpp">
      <Filter>Scripts\Player\Skill</Filter>
    </ClCompile>
    <ClCompile Include="..\Source\PlayerSkillSwingDown.cpp">
      <Filter>Scripts\Player\Skill</Filter>
    </ClCompile>
    <ClCompile Include="..\Source\PlayerSkillTornado.cpp">
      <Filter>Scripts\Player\Skill</Filter>
    </ClCompile>
    <ClCompile Include="..\Source\PlayerSkillUpper.cpp">
      <Filter>Scripts\Player\Skill</Filter>
    </ClCompile>
    <ClCompile Include="..\Source\ShieldEffect.cpp">
      <Filter>Scripts\Effect</Filter>
    </ClCompile>
    <ClCompile Include="..\Source\PlayerSkillWindSwing.cpp">
      <Filter>Scripts\Player\Skill</Filter>
    </ClCompile>
    <ClCompile Include="..\Source\SpriteLoader.cpp">
      <Filter>Scripts\Sprite</Filter>
    </ClCompile>
    <ClCompile Include="..\Source\Sprite.cpp">
      <Filter>Scripts\Sprite</Filter>
    </ClCompile>
    <ClCompile Include="..\Source\Helper.cpp">
      <Filter>Utility</Filter>
    </ClCompile>
    <ClCompile Include="..\Source\EnemyName.cpp">
      <Filter>Scripts\UI\Battle</Filter>
    </ClCompile>
    <ClCompile Include="..\Source\FontTexture.cpp">
      <Filter>Font</Filter>
    </ClCompile>
    <ClCompile Include="..\Source\SkillProgressUI.cpp">
      <Filter>Scripts\UI\Battle</Filter>
    </ClCompile>
    <ClCompile Include="..\Source\PlayerAfterImage.cpp">
      <Filter>Scripts\Player</Filter>
    </ClCompile>
    <ClCompile Include="..\Source\WeaponAfterImage.cpp">
      <Filter>Scripts\Player</Filter>
    </ClCompile>
    <ClCompile Include="..\Source\PlayerSkillStab.cpp">
      <Filter>Scripts\Player\Skill</Filter>
    </ClCompile>
    <ClCompile Include="..\Source\PlayerBuffInfo.cpp">
      <Filter>ScriptableData</Filter>
    </ClCompile>
    <ClCompile Include="..\Source\HGoblin.cpp">
      <Filter>GameObject\Enemy\Named</Filter>
    </ClCompile>
    <ClCompile Include="..\Source\HGoblinDie.cpp">
      <Filter>FSM\HGoblin</Filter>
    </ClCompile>
    <ClCompile Include="..\Source\HGoblinDied.cpp">
      <Filter>FSM\HGoblin</Filter>
    </ClCompile>
    <ClCompile Include="..\Source\HGoblinHit.cpp">
      <Filter>FSM\HGoblin</Filter>
    </ClCompile>
    <ClCompile Include="..\Source\HGoblinIdle.cpp">
      <Filter>FSM\HGoblin</Filter>
    </ClCompile>
    <ClCompile Include="..\Source\HGoblinMove.cpp">
      <Filter>FSM\HGoblin</Filter>
    </ClCompile>
    <ClCompile Include="..\Source\HGoblinAttack.cpp">
      <Filter>FSM\HGoblin</Filter>
    </ClCompile>
    <ClCompile Include="..\Source\Soldier.cpp">
      <Filter>GameObject\Enemy</Filter>
    </ClCompile>
    <ClCompile Include="..\Source\SoldierAttack.cpp">
      <Filter>FSM\Soldier</Filter>
    </ClCompile>
    <ClCompile Include="..\Source\SoldierDie.cpp">
      <Filter>FSM\Soldier</Filter>
    </ClCompile>
    <ClCompile Include="..\Source\SoldierDied.cpp">
      <Filter>FSM\Soldier</Filter>
    </ClCompile>
    <ClCompile Include="..\Source\SoldierHit.cpp">
      <Filter>FSM\Soldier</Filter>
    </ClCompile>
    <ClCompile Include="..\Source\SoldierIdle.cpp">
      <Filter>FSM\Soldier</Filter>
    </ClCompile>
    <ClCompile Include="..\Source\SoldierMove.cpp">
      <Filter>FSM\Soldier</Filter>
    </ClCompile>
    <ClCompile Include="..\Source\CinematicGenerator.cpp">
      <Filter>Scripts\Enemy</Filter>
    </ClCompile>
    <ClCompile Include="..\Source\CinematicManager.cpp">
      <Filter>Scripts</Filter>
    </ClCompile>
    <ClCompile Include="..\Source\HGoblinCinematicTrack.cpp">
      <Filter>Scripts\Cinematic</Filter>
    </ClCompile>
    <ClCompile Include="..\Source\CinematicTrack.cpp">
      <Filter>Scripts\Cinematic</Filter>
    </ClCompile>
    <ClCompile Include="..\Source\PlayerSkillInfo.cpp">
      <Filter>ScriptableData</Filter>
    </ClCompile>
    <ClCompile Include="..\Source\ItemQuickSlotUI.cpp">
      <Filter>Scripts\UI</Filter>
    </ClCompile>
    <ClCompile Include="..\Source\QuickSlotData.cpp">
      <Filter>ScriptableData</Filter>
    </ClCompile>
    <ClCompile Include="..\Source\ItemManager.cpp">
      <Filter>Scripts</Filter>
    </ClCompile>
    <ClCompile Include="..\Source\WarpPoint.cpp" />
    <ClCompile Include="..\Source\BuffManager.cpp">
      <Filter>Scripts</Filter>
    </ClCompile>
    <ClCompile Include="..\Source\QuickSlotIconUI.cpp">
      <Filter>Scripts\UI</Filter>
    </ClCompile>
    <ClCompile Include="..\Source\BuffSlotData.cpp">
      <Filter>ScriptableData</Filter>
    </ClCompile>
    <ClCompile Include="..\Source\BuffSlotUI.cpp">
      <Filter>Scripts\UI</Filter>
    </ClCompile>
  </ItemGroup>
  <ItemGroup>
    <Filter Include="Entry">
      <UniqueIdentifier>{d292bb48-d6a4-4afb-a0b2-747fa44e85e4}</UniqueIdentifier>
    </Filter>
    <Filter Include="Scenes">
      <UniqueIdentifier>{c69a4677-fb12-4b62-88b6-de99e2ffb097}</UniqueIdentifier>
    </Filter>
    <Filter Include="Camera">
      <UniqueIdentifier>{6c7da6fb-9361-4b73-88fe-14c124e6be13}</UniqueIdentifier>
    </Filter>
    <Filter Include="Component">
      <UniqueIdentifier>{3a20c14d-fdef-4fb0-9d65-bf6652dc1ad7}</UniqueIdentifier>
    </Filter>
    <Filter Include="GameObject">
      <UniqueIdentifier>{5fe1632a-db79-4df2-85ee-da0f67a27dab}</UniqueIdentifier>
    </Filter>
    <Filter Include="Scripts">
      <UniqueIdentifier>{176de74f-e67f-4af6-a82b-435378d6e6d4}</UniqueIdentifier>
    </Filter>
    <Filter Include="Scripts\Player">
      <UniqueIdentifier>{449da871-9386-4d73-a0e4-0a929219caaa}</UniqueIdentifier>
    </Filter>
    <Filter Include="GlobalVars">
      <UniqueIdentifier>{5e2094c6-28f1-4257-a916-c109f37d4949}</UniqueIdentifier>
    </Filter>
    <Filter Include="GameObject\Enemy">
      <UniqueIdentifier>{fe8dce37-a3ad-4aa7-8b30-fc256e1209c1}</UniqueIdentifier>
    </Filter>
    <Filter Include="GameObject\NPC">
      <UniqueIdentifier>{f9a8339b-badd-46bb-b1ec-89b9cdf6bb2d}</UniqueIdentifier>
    </Filter>
    <Filter Include="GameObject\Enemy\Named">
      <UniqueIdentifier>{941049f6-fdaa-4a67-b908-ed75f1235dec}</UniqueIdentifier>
    </Filter>
    <Filter Include="GameEvent">
      <UniqueIdentifier>{c791d595-2081-436f-9306-137320342087}</UniqueIdentifier>
    </Filter>
    <Filter Include="GameEvent\Events">
      <UniqueIdentifier>{7f1aaeb1-a812-440f-9ca0-9bf0a0b3a363}</UniqueIdentifier>
    </Filter>
    <Filter Include="Font">
      <UniqueIdentifier>{5ff35c57-6752-4bc5-ae46-09bb8a8d9969}</UniqueIdentifier>
    </Filter>
    <Filter Include="Scripts\Quest">
      <UniqueIdentifier>{9e41caf5-f3f3-4a2f-889a-8ff8b11f68d2}</UniqueIdentifier>
    </Filter>
    <Filter Include="Scripts\Quest\Hieracon">
      <UniqueIdentifier>{51eaa31c-2a8a-41d4-a90b-04420c937f6d}</UniqueIdentifier>
    </Filter>
    <Filter Include="GameObject\NPC\Hieracon">
      <UniqueIdentifier>{dfb7faf3-9a39-492c-b467-021e9f604fbd}</UniqueIdentifier>
    </Filter>
    <Filter Include="Scripts\NPC">
      <UniqueIdentifier>{553c4507-d0d1-4c8a-893c-24e567246d3b}</UniqueIdentifier>
    </Filter>
    <Filter Include="Scripts\UI">
      <UniqueIdentifier>{67fc408a-392d-48fb-bf09-1ead08a4acd2}</UniqueIdentifier>
    </Filter>
    <Filter Include="Scripts\UI\Quest">
      <UniqueIdentifier>{4fd22407-e2a2-42d8-9c49-750685ec9d8d}</UniqueIdentifier>
    </Filter>
    <Filter Include="Scenes\GameStage">
      <UniqueIdentifier>{8f8c4839-3a81-40d6-836e-10ea78fca3e2}</UniqueIdentifier>
    </Filter>
    <Filter Include="Scripts\UI\Battle">
      <UniqueIdentifier>{530b8216-92b4-4aa0-8386-5fc8ed37ff63}</UniqueIdentifier>
    </Filter>
    <Filter Include="GameObject\NPC\ArbaJungle">
      <UniqueIdentifier>{69195f9e-0c8f-42cc-81fd-5b8db1465dd1}</UniqueIdentifier>
    </Filter>
    <Filter Include="Scripts\Quest\ArbaJungle">
      <UniqueIdentifier>{7ed127d8-bd9f-412a-80e6-d44d51f1abef}</UniqueIdentifier>
    </Filter>
    <Filter Include="GameObject\Interactive">
      <UniqueIdentifier>{179a1493-1444-4778-ac57-1d67e30ed9f7}</UniqueIdentifier>
    </Filter>
    <Filter Include="ScriptableData">
      <UniqueIdentifier>{5aa4d3da-ee67-4871-81f8-b5f0ce421f5c}</UniqueIdentifier>
    </Filter>
    <Filter Include="Scripts\UI\Inventory">
      <UniqueIdentifier>{89867713-348f-4643-bef6-b45a903be5b7}</UniqueIdentifier>
    </Filter>
    <Filter Include="Scripts\UI\Equipment">
      <UniqueIdentifier>{53c5f8aa-787c-4d7c-affe-b2ba27969bfb}</UniqueIdentifier>
    </Filter>
    <Filter Include="Scripts\UI\ShopUI">
      <UniqueIdentifier>{dbd7cdc6-fdfb-4b89-a5ab-5f098aa61a61}</UniqueIdentifier>
    </Filter>
    <Filter Include="Scripts\Effect">
      <UniqueIdentifier>{6633159a-d619-48ae-b03e-c898b5c8e0a3}</UniqueIdentifier>
    </Filter>
    <Filter Include="Scripts\Player\Skill">
      <UniqueIdentifier>{0c905913-f556-4f4e-a4bc-671e8490a452}</UniqueIdentifier>
    </Filter>
    <Filter Include="Scripts\Sprite">
      <UniqueIdentifier>{969b878e-06e7-452d-8e0b-9cf02eea3349}</UniqueIdentifier>
    </Filter>
    <Filter Include="Utility">
      <UniqueIdentifier>{fef8988b-5aad-4c41-be70-cdea88310eb8}</UniqueIdentifier>
    </Filter>
    <Filter Include="FSM">
      <UniqueIdentifier>{2aabe641-c9c0-4f0b-85c9-e3c654d0a8d5}</UniqueIdentifier>
    </Filter>
    <Filter Include="FSM\Skeletone">
      <UniqueIdentifier>{c3bd7a07-879f-43ee-933b-b4e6a6f3b536}</UniqueIdentifier>
    </Filter>
    <Filter Include="FSM\DummyBoss">
      <UniqueIdentifier>{134cc563-430b-490e-8cb7-00c09940625c}</UniqueIdentifier>
    </Filter>
    <Filter Include="FSM\Goblin">
      <UniqueIdentifier>{852c1e90-2fab-44b2-bf10-bf301a37c2b6}</UniqueIdentifier>
    </Filter>
    <Filter Include="FSM\HGoblin">
      <UniqueIdentifier>{eac12f1b-b66c-4b2f-b4ca-a384b9050a3b}</UniqueIdentifier>
    </Filter>
    <Filter Include="FSM\Soldier">
      <UniqueIdentifier>{e49d10d4-ef7a-42f3-8829-34882591d851}</UniqueIdentifier>
    </Filter>
    <Filter Include="Scripts\Enemy">
      <UniqueIdentifier>{b4e00bf8-415a-4133-9873-c8a8d2f7de77}</UniqueIdentifier>
    </Filter>
    <Filter Include="Scripts\Cinematic">
      <UniqueIdentifier>{20305088-a855-4a0a-8058-25e2b512e72a}</UniqueIdentifier>
    </Filter>
  </ItemGroup>
  <ItemGroup>
    <ClInclude Include="..\Include\stdafx.h" />
    <ClInclude Include="..\Include\SampleCamera.h">
      <Filter>Camera</Filter>
    </ClInclude>
    <ClInclude Include="..\Include\SampleLoadingScene.h">
      <Filter>Scenes</Filter>
    </ClInclude>
    <ClInclude Include="..\Include\Player.h">
      <Filter>Scripts\Player</Filter>
    </ClInclude>
    <ClInclude Include="..\Include\PlayerController.h">
      <Filter>Scripts\Player</Filter>
    </ClInclude>
    <ClInclude Include="resource.h" />
    <ClInclude Include="..\Include\PlayerCamera.h">
      <Filter>Camera</Filter>
    </ClInclude>
    <ClInclude Include="..\Include\ActionComponent.h">
      <Filter>Component</Filter>
    </ClInclude>
    <ClInclude Include="..\Include\PlayerNormalAttack.h">
      <Filter>Scripts\Player</Filter>
    </ClInclude>
    <ClInclude Include="..\Include\PlayerAction.h">
      <Filter>Scripts\Player</Filter>
    </ClInclude>
    <ClInclude Include="..\Include\Character.h">
      <Filter>GameObject</Filter>
    </ClInclude>
    <ClInclude Include="..\Include\SkeletoneIdle.h">
      <Filter>FSM\Skeletone</Filter>
    </ClInclude>
    <ClInclude Include="..\Include\SkeletoneMove.h">
      <Filter>FSM\Skeletone</Filter>
    </ClInclude>
    <ClInclude Include="..\Include\SkeletoneAttack.h">
      <Filter>FSM\Skeletone</Filter>
    </ClInclude>
    <ClInclude Include="..\Include\SkeletoneDie.h">
      <Filter>FSM\Skeletone</Filter>
    </ClInclude>
    <ClInclude Include="..\Include\Skeletone.h">
      <Filter>GameObject\Enemy</Filter>
    </ClInclude>
    <ClInclude Include="..\Include\SkeletoneHit.h">
      <Filter>FSM\Skeletone</Filter>
    </ClInclude>
    <ClInclude Include="..\Include\QuestNPC.h">
      <Filter>GameObject\NPC</Filter>
    </ClInclude>
    <ClInclude Include="..\Include\NonePlayer.h">
      <Filter>GameObject\NPC</Filter>
    </ClInclude>
    <ClInclude Include="..\Include\Enemy.h">
      <Filter>GameObject\Enemy</Filter>
    </ClInclude>
    <ClInclude Include="..\Include\NamedEnemy.h">
      <Filter>GameObject\Enemy\Named</Filter>
    </ClInclude>
    <ClInclude Include="..\Include\DummyBoss.h">
      <Filter>GameObject\Enemy\Named</Filter>
    </ClInclude>
    <ClInclude Include="..\Include\DummyBossAttack.h">
      <Filter>FSM\DummyBoss</Filter>
    </ClInclude>
    <ClInclude Include="..\Include\DummyBossDie.h">
      <Filter>FSM\DummyBoss</Filter>
    </ClInclude>
    <ClInclude Include="..\Include\DummyBossHit.h">
      <Filter>FSM\DummyBoss</Filter>
    </ClInclude>
    <ClInclude Include="..\Include\DummyBossIdle.h">
      <Filter>FSM\DummyBoss</Filter>
    </ClInclude>
    <ClInclude Include="..\Include\DummyBossMove.h">
      <Filter>FSM\DummyBoss</Filter>
    </ClInclude>
    <ClInclude Include="..\Include\SkeletoneDied.h">
      <Filter>FSM\Skeletone</Filter>
    </ClInclude>
    <ClInclude Include="..\Include\DummyBossDied.h">
      <Filter>FSM\DummyBoss</Filter>
    </ClInclude>
    <ClInclude Include="..\Include\EventManager.h">
      <Filter>GameEvent</Filter>
    </ClInclude>
    <ClInclude Include="..\Include\Event.h">
      <Filter>GameEvent\Events</Filter>
    </ClInclude>
    <ClInclude Include="..\Include\QuestEvent.h">
      <Filter>GameEvent\Events</Filter>
    </ClInclude>
    <ClInclude Include="..\Include\DamageFontScatter.h">
      <Filter>Font</Filter>
    </ClInclude>
    <ClInclude Include="..\Include\NameFont.h">
      <Filter>Font</Filter>
    </ClInclude>
    <ClInclude Include="..\Include\TitleScene.h">
      <Filter>Scenes</Filter>
    </ClInclude>
    <ClInclude Include="..\Include\TitleCamera.h">
      <Filter>Camera</Filter>
    </ClInclude>
    <ClInclude Include="..\Include\Client_Enumerators.h">
      <Filter>GlobalVars</Filter>
    </ClInclude>
    <ClInclude Include="..\Include\CombatQuest.h">
      <Filter>Scripts\Quest</Filter>
    </ClInclude>
    <ClInclude Include="..\Include\Quest.h">
      <Filter>Scripts\Quest</Filter>
    </ClInclude>
    <ClInclude Include="..\Include\TestQuest.h">
      <Filter>Scripts\Quest\Hieracon</Filter>
    </ClInclude>
    <ClInclude Include="..\Include\BlessLoadingScene.h">
      <Filter>Scenes</Filter>
    </ClInclude>
    <ClInclude Include="..\Include\SampleNPC.h">
      <Filter>GameObject\NPC\Hieracon</Filter>
    </ClInclude>
    <ClInclude Include="..\Include\GameManager.h">
      <Filter>Scripts</Filter>
    </ClInclude>
    <ClInclude Include="..\Include\Client_Events.h">
      <Filter>GlobalVars</Filter>
    </ClInclude>
    <ClInclude Include="..\Include\IQuestTarget.h">
      <Filter>Scripts\Quest</Filter>
    </ClInclude>
    <ClInclude Include="..\Include\QuestDialogUI.h">
      <Filter>Scripts\UI\Quest</Filter>
    </ClInclude>
    <ClInclude Include="..\Include\QuestGuideUI.h">
      <Filter>Scripts\UI\Quest</Filter>
    </ClInclude>
    <ClInclude Include="..\Include\QuestNoticeUI.h">
      <Filter>Scripts\UI\Quest</Filter>
    </ClInclude>
    <ClInclude Include="..\Include\HieraconScene.h">
      <Filter>Scenes\GameStage</Filter>
    </ClInclude>
    <ClInclude Include="..\Include\GameScene.h">
      <Filter>Scenes\GameStage</Filter>
    </ClInclude>
    <ClInclude Include="..\Include\AncientTowerScene.h">
      <Filter>Scenes\GameStage</Filter>
    </ClInclude>
    <ClInclude Include="..\Include\ArbaJungleScene.h">
      <Filter>Scenes\GameStage</Filter>
    </ClInclude>
    <ClInclude Include="..\Include\FadeInOut.h">
      <Filter>Scripts\UI</Filter>
    </ClInclude>
    <ClInclude Include="..\Include\ZoomInCamera.h">
      <Filter>Camera</Filter>
    </ClInclude>
    <ClInclude Include="..\Include\ExpTable.h">
      <Filter>ScriptableData</Filter>
    </ClInclude>
    <ClInclude Include="..\Include\Client_GlobalVars.h">
      <Filter>GlobalVars</Filter>
    </ClInclude>
    <ClInclude Include="..\Include\PlayerInfo.h">
      <Filter>ScriptableData</Filter>
    </ClInclude>
    <ClInclude Include="..\Include\LevelUpNoticeUI.h">
      <Filter>Scripts\UI</Filter>
    </ClInclude>
    <ClInclude Include="..\Include\Goblin.h">
      <Filter>GameObject\Enemy</Filter>
    </ClInclude>
    <ClInclude Include="..\Include\EnemyHPBar.h">
      <Filter>Scripts\UI\Battle</Filter>
    </ClInclude>
    <ClInclude Include="..\Include\TargetingCircle.h">
      <Filter>Scripts\UI\Battle</Filter>
    </ClInclude>
    <ClInclude Include="..\Include\TargetingArrow.h">
      <Filter>Scripts\UI\Battle</Filter>
    </ClInclude>
    <ClInclude Include="..\Include\BattleManager.h">
      <Filter>Scripts</Filter>
    </ClInclude>
    <ClInclude Include="..\Include\UIManager.h">
      <Filter>Scripts</Filter>
    </ClInclude>
    <ClInclude Include="..\Include\QuestManager.h">
      <Filter>Scripts</Filter>
    </ClInclude>
    <ClInclude Include="..\Include\NPCInteractManager.h">
      <Filter>Scripts</Filter>
    </ClInclude>
    <ClInclude Include="..\Include\NormalEnemyHPBar.h">
      <Filter>Scripts\UI\Battle</Filter>
    </ClInclude>
    <ClInclude Include="..\Include\GoblinMove.h">
      <Filter>FSM\Goblin</Filter>
    </ClInclude>
    <ClInclude Include="..\Include\GoblinAttack.h">
      <Filter>FSM\Goblin</Filter>
    </ClInclude>
    <ClInclude Include="..\Include\GoblinDie.h">
      <Filter>FSM\Goblin</Filter>
    </ClInclude>
    <ClInclude Include="..\Include\GoblinDied.h">
      <Filter>FSM\Goblin</Filter>
    </ClInclude>
    <ClInclude Include="..\Include\GoblinHit.h">
      <Filter>FSM\Goblin</Filter>
    </ClInclude>
    <ClInclude Include="..\Include\GoblinIdle.h">
      <Filter>FSM\Goblin</Filter>
    </ClInclude>
    <ClInclude Include="..\Include\EnemyScreenHPBar.h">
      <Filter>Scripts\UI\Battle</Filter>
    </ClInclude>
    <ClInclude Include="..\Include\TalkableGoblin.h">
      <Filter>GameObject\NPC\ArbaJungle</Filter>
    </ClInclude>
    <ClInclude Include="..\Include\Guido.h">
      <Filter>GameObject\NPC\ArbaJungle</Filter>
    </ClInclude>
    <ClInclude Include="..\Include\Leoni.h">
      <Filter>GameObject\NPC\ArbaJungle</Filter>
    </ClInclude>
    <ClInclude Include="..\Include\Q_AttackToGoblin.h">
      <Filter>Scripts\Quest\ArbaJungle</Filter>
    </ClInclude>
    <ClInclude Include="..\Include\Q_CollectRelics.h">
      <Filter>Scripts\Quest\ArbaJungle</Filter>
    </ClInclude>
    <ClInclude Include="..\Include\Q_SearchRelics.h">
      <Filter>Scripts\Quest\ArbaJungle</Filter>
    </ClInclude>
    <ClInclude Include="..\Include\Q_RetrieveBody.h">
      <Filter>Scripts\Quest\ArbaJungle</Filter>
    </ClInclude>
    <ClInclude Include="..\Include\Q_TalkableGoblin.h">
      <Filter>Scripts\Quest\ArbaJungle</Filter>
    </ClInclude>
    <ClInclude Include="..\Include\Q_CollectKey.h">
      <Filter>Scripts\Quest\ArbaJungle</Filter>
    </ClInclude>
    <ClInclude Include="..\Include\Q_FirstMission.h">
      <Filter>Scripts\Quest\ArbaJungle</Filter>
    </ClInclude>
    <ClInclude Include="..\Include\CollectQuest.h">
      <Filter>Scripts\Quest</Filter>
    </ClInclude>
    <ClInclude Include="..\Include\CollectObject.h">
      <Filter>GameObject\Interactive</Filter>
    </ClInclude>
    <ClInclude Include="..\Include\CollectProgressBar.h">
      <Filter>Scripts\UI</Filter>
    </ClInclude>
    <ClInclude Include="..\Include\InteractManager.h">
      <Filter>Scripts</Filter>
    </ClInclude>
    <ClInclude Include="..\Include\InventoryData.h">
      <Filter>ScriptableData</Filter>
    </ClInclude>
    <ClInclude Include="..\Include\ItemInfo.h">
      <Filter>ScriptableData</Filter>
    </ClInclude>
    <ClInclude Include="..\Include\InventoryUI.h">
      <Filter>Scripts\UI\Inventory</Filter>
    </ClInclude>
    <ClInclude Include="..\Include\ItemInfoUI.h">
      <Filter>Scripts\UI\Inventory</Filter>
    </ClInclude>
    <ClInclude Include="..\Include\EquipmentUI.h">
      <Filter>Scripts\UI\Equipment</Filter>
    </ClInclude>
    <ClInclude Include="..\Include\Bran.h">
      <Filter>GameObject\NPC\Hieracon</Filter>
    </ClInclude>
    <ClInclude Include="..\Include\Elroy.h">
      <Filter>GameObject\NPC\Hieracon</Filter>
    </ClInclude>
    <ClInclude Include="..\Include\Samson.h">
      <Filter>GameObject\NPC\Hieracon</Filter>
    </ClInclude>
    <ClInclude Include="..\Include\Hieracon_Cora.h">
      <Filter>GameObject\NPC\Hieracon</Filter>
    </ClInclude>
    <ClInclude Include="..\Include\Q_BreadShuttle.h">
      <Filter>Scripts\Quest\Hieracon</Filter>
    </ClInclude>
    <ClInclude Include="..\Include\Q_NewSkill.h">
      <Filter>Scripts\Quest\Hieracon</Filter>
    </ClInclude>
    <ClInclude Include="..\Include\Q_FirstEquipment.h">
      <Filter>Scripts\Quest\Hieracon</Filter>
    </ClInclude>
    <ClInclude Include="..\Include\Q_PrepareForMission.h">
      <Filter>Scripts\Quest\Hieracon</Filter>
    </ClInclude>
    <ClInclude Include="..\Include\Liurens.h">
      <Filter>GameObject\NPC\Hieracon</Filter>
    </ClInclude>
    <ClInclude Include="..\Include\Elaine.h">
      <Filter>GameObject\NPC\Hieracon</Filter>
    </ClInclude>
    <ClInclude Include="..\Include\EquipShopUI.h">
      <Filter>Scripts\UI\ShopUI</Filter>
    </ClInclude>
    <ClInclude Include="..\Include\ShopUI.h">
      <Filter>Scripts\UI\ShopUI</Filter>
    </ClInclude>
    <ClInclude Include="..\Include\GeneralStoreUI.h">
      <Filter>Scripts\UI\ShopUI</Filter>
    </ClInclude>
    <ClInclude Include="..\Include\LiurensShopItemsData.h">
      <Filter>ScriptableData</Filter>
    </ClInclude>
    <ClInclude Include="..\Include\ElainShopItemsData.h">
      <Filter>ScriptableData</Filter>
    </ClInclude>
    <ClInclude Include="..\Include\ShopItemsTable.h">
      <Filter>ScriptableData</Filter>
    </ClInclude>
    <ClInclude Include="..\Include\QuestTable.h">
      <Filter>ScriptableData</Filter>
    </ClInclude>
    <ClInclude Include="..\Include\PlayerStatusData.h">
      <Filter>ScriptableData</Filter>
    </ClInclude>
    <ClInclude Include="..\Include\PlayerEquipData.h">
      <Filter>ScriptableData</Filter>
    </ClInclude>
    <ClInclude Include="..\Include\PlayerMoneyData.h">
      <Filter>ScriptableData</Filter>
    </ClInclude>
    <ClInclude Include="..\Include\NoticeManager.h">
      <Filter>Scripts</Filter>
    </ClInclude>
    <ClInclude Include="..\Include\NotifyUI.h">
      <Filter>Scripts\UI</Filter>
    </ClInclude>
    <ClInclude Include="..\Include\PlayerManager.h">
      <Filter>Scripts\Player</Filter>
    </ClInclude>
    <ClInclude Include="..\Include\SummonProgressBar.h">
      <Filter>Scripts\UI</Filter>
    </ClInclude>
    <ClInclude Include="..\Include\SkillIconUI.h">
      <Filter>Scripts\UI\Battle</Filter>
    </ClInclude>
    <ClInclude Include="..\Include\SwordMeshEffect.h">
      <Filter>Scripts\Effect</Filter>
    </ClInclude>
    <ClInclude Include="..\Include\EffectManager.h">
      <Filter>Scripts</Filter>
    </ClInclude>
    <ClInclude Include="..\Include\PlayerSkillShield.h">
      <Filter>Scripts\Player\Skill</Filter>
    </ClInclude>
    <ClInclude Include="..\Include\PlayerSkillUpper.h">
      <Filter>Scripts\Player\Skill</Filter>
    </ClInclude>
    <ClInclude Include="..\Include\PlayerSkillBuff.h">
      <Filter>Scripts\Player\Skill</Filter>
    </ClInclude>
    <ClInclude Include="..\Include\PlayerSkillPress.h">
      <Filter>Scripts\Player\Skill</Filter>
    </ClInclude>
    <ClInclude Include="..\Include\PlayerSkillSwing.h">
      <Filter>Scripts\Player\Skill</Filter>
    </ClInclude>
    <ClInclude Include="..\Include\PlayerSkillSwingDown.h">
      <Filter>Scripts\Player\Skill</Filter>
    </ClInclude>
    <ClInclude Include="..\Include\PlayerSkillTornado.h">
      <Filter>Scripts\Player\Skill</Filter>
    </ClInclude>
    <ClInclude Include="..\Include\ShieldEffect.h">
      <Filter>Scripts\Effect</Filter>
    </ClInclude>
    <ClInclude Include="..\Include\PlayerSkillWindSwing.h">
      <Filter>Scripts\Player\Skill</Filter>
    </ClInclude>
    <ClInclude Include="..\Include\SpriteLoader.h">
      <Filter>Scripts\Sprite</Filter>
    </ClInclude>
    <ClInclude Include="..\Include\Sprite.h">
      <Filter>Scripts\Sprite</Filter>
    </ClInclude>
    <ClInclude Include="..\Include\Helper.h">
      <Filter>Utility</Filter>
    </ClInclude>
    <ClInclude Include="..\Include\EnemyName.h">
      <Filter>Scripts\UI\Battle</Filter>
    </ClInclude>
    <ClInclude Include="..\Include\FontTexture.h">
      <Filter>Font</Filter>
    </ClInclude>
    <ClInclude Include="..\Include\SkillProgressUI.h">
      <Filter>Scripts\UI\Battle</Filter>
    </ClInclude>
    <ClInclude Include="..\Include\PlayerAfterImage.h">
      <Filter>Scripts\Player</Filter>
    </ClInclude>
    <ClInclude Include="..\Include\WeaponAfterImage.h">
      <Filter>Scripts\Player</Filter>
    </ClInclude>
    <ClInclude Include="..\Include\PlayerSkillStab.h">
      <Filter>Scripts\Player\Skill</Filter>
    </ClInclude>
    <ClInclude Include="..\Include\PlayerBuffInfo.h">
      <Filter>ScriptableData</Filter>
    </ClInclude>
    <ClInclude Include="..\Include\HGoblin.h">
      <Filter>GameObject\Enemy\Named</Filter>
    </ClInclude>
    <ClInclude Include="..\Include\HGoblinMove.h">
      <Filter>FSM\HGoblin</Filter>
    </ClInclude>
    <ClInclude Include="..\Include\HGoblinAttack.h">
      <Filter>FSM\HGoblin</Filter>
    </ClInclude>
    <ClInclude Include="..\Include\HGoblinDie.h">
      <Filter>FSM\HGoblin</Filter>
    </ClInclude>
    <ClInclude Include="..\Include\HGoblinDied.h">
      <Filter>FSM\HGoblin</Filter>
    </ClInclude>
    <ClInclude Include="..\Include\HGoblinHit.h">
      <Filter>FSM\HGoblin</Filter>
    </ClInclude>
    <ClInclude Include="..\Include\HGoblinIdle.h">
      <Filter>FSM\HGoblin</Filter>
    </ClInclude>
    <ClInclude Include="..\Include\Soldier.h">
      <Filter>GameObject\Enemy</Filter>
    </ClInclude>
    <ClInclude Include="..\Include\SoldierAttack.h">
      <Filter>FSM\Soldier</Filter>
    </ClInclude>
    <ClInclude Include="..\Include\SoldierDie.h">
      <Filter>FSM\Soldier</Filter>
    </ClInclude>
    <ClInclude Include="..\Include\SoldierDied.h">
      <Filter>FSM\Soldier</Filter>
    </ClInclude>
    <ClInclude Include="..\Include\SoldierHit.h">
      <Filter>FSM\Soldier</Filter>
    </ClInclude>
    <ClInclude Include="..\Include\SoldierIdle.h">
      <Filter>FSM\Soldier</Filter>
    </ClInclude>
    <ClInclude Include="..\Include\SoldierMove.h">
      <Filter>FSM\Soldier</Filter>
    </ClInclude>
    <ClInclude Include="..\Include\CinematicGenerator.h">
      <Filter>Scripts\Enemy</Filter>
    </ClInclude>
    <ClInclude Include="..\Include\CinematicManager.h">
      <Filter>Scripts</Filter>
    </ClInclude>
    <ClInclude Include="..\Include\HGoblinCinematicTrack.h">
      <Filter>Scripts\Cinematic</Filter>
    </ClInclude>
    <ClInclude Include="..\Include\CinematicTrack.h">
      <Filter>Scripts\Cinematic</Filter>
    </ClInclude>
    <ClInclude Include="..\Include\PlayerSkillInfo.h">
      <Filter>ScriptableData</Filter>
    </ClInclude>
    <ClInclude Include="..\Include\ItemQuickSlotUI.h">
      <Filter>Scripts\UI</Filter>
    </ClInclude>
    <ClInclude Include="..\Include\QuickSlotData.h">
      <Filter>ScriptableData</Filter>
    </ClInclude>
    <ClInclude Include="..\Include\ItemManager.h">
      <Filter>Scripts</Filter>
    </ClInclude>
    <ClInclude Include="..\Include\WarpPoint.h" />
    <ClInclude Include="..\Include\BuffManager.h">
      <Filter>Scripts</Filter>
    </ClInclude>
    <ClInclude Include="..\Include\QuickSlotIconUI.h">
      <Filter>Scripts\UI</Filter>
    </ClInclude>
    <ClInclude Include="..\Include\BuffSlotData.h">
      <Filter>ScriptableData</Filter>
    </ClInclude>
    <ClInclude Include="..\Include\BuffSlotUI.h">
      <Filter>Scripts\UI</Filter>
    </ClInclude>
  </ItemGroup>
  <ItemGroup>
    <ResourceCompile Include="Client.rc" />
  </ItemGroup>
</Project>